
Microsoft Visual Studio Solution File, Format Version 12.00
# Visual Studio Version 16
VisualStudioVersion = 16.0.31702.278
MinimumVisualStudioVersion = 10.0.40219.1
Project("{9A19103F-16F7-4668-BE54-9A1E7A4F7556}") = "EcommerceWebsite.WebApp", "EcommerceWebsite.WebApp\EcommerceWebsite.WebApp.csproj", "{AA4A940D-8882-424A-9AA8-505C4EA6E9B0}"
EndProject
Project("{2150E333-8FDC-42A3-9474-1A3956D46DE8}") = "Solution Items", "Solution Items", "{DD75F978-9B12-47C0-816C-9048BC288FE8}"
	ProjectSection(SolutionItems) = preProject
		README.md = README.md
	EndProjectSection
EndProject
Project("{9A19103F-16F7-4668-BE54-9A1E7A4F7556}") = "EcommerceWebsite.Application", "EcommerceWebsite.Application\EcommerceWebsite.Application.csproj", "{B2B34B3D-2799-45BD-94DA-3060E32050C3}"
EndProject
Project("{9A19103F-16F7-4668-BE54-9A1E7A4F7556}") = "EcommerceWebsite.Utilities", "EcommerceWebsite.Model\EcommerceWebsite.Utilities.csproj", "{7E9F0C3F-82BF-4617-8269-95A9E08592C2}"
EndProject
Project("{9A19103F-16F7-4668-BE54-9A1E7A4F7556}") = "EcommerceWebsite.Services", "EcommerceWebsite.Services\EcommerceWebsite.Services.csproj", "{4BC12A39-189A-4C56-A994-8B64D0ED80B2}"
EndProject
Project("{9A19103F-16F7-4668-BE54-9A1E7A4F7556}") = "EcommerceWebsite.Data", "EcommerceWebsite.Data\EcommerceWebsite.Data.csproj", "{C19E3B5E-C058-40B9-B981-D8C8CEC59013}"
EndProject
Project("{9A19103F-16F7-4668-BE54-9A1E7A4F7556}") = "EcommerceWebsite.Api", "EcommerceWebsite.Api\EcommerceWebsite.Api.csproj", "{24162A4A-7EB2-4D39-87E3-EEF0505E9526}"
EndProject
Project("{FAE04EC0-301F-11D3-BF4B-00C04F79EFBC}") = "EcommerceWebsite.WebAdmin", "EcommerceWebsite.WebAdmin\EcommerceWebsite.WebAdmin.csproj", "{41D6BE42-0EE7-4F73-9D86-B513F2979DC0}"
EndProject
Global
	GlobalSection(SolutionConfigurationPlatforms) = preSolution
		Debug|Any CPU = Debug|Any CPU
		Release|Any CPU = Release|Any CPU
	EndGlobalSection
	GlobalSection(ProjectConfigurationPlatforms) = postSolution
		{AA4A940D-8882-424A-9AA8-505C4EA6E9B0}.Debug|Any CPU.ActiveCfg = Debug|Any CPU
		{AA4A940D-8882-424A-9AA8-505C4EA6E9B0}.Debug|Any CPU.Build.0 = Debug|Any CPU
		{AA4A940D-8882-424A-9AA8-505C4EA6E9B0}.Release|Any CPU.ActiveCfg = Release|Any CPU
		{AA4A940D-8882-424A-9AA8-505C4EA6E9B0}.Release|Any CPU.Build.0 = Release|Any CPU
		{B2B34B3D-2799-45BD-94DA-3060E32050C3}.Debug|Any CPU.ActiveCfg = Debug|Any CPU
		{B2B34B3D-2799-45BD-94DA-3060E32050C3}.Debug|Any CPU.Build.0 = Debug|Any CPU
		{B2B34B3D-2799-45BD-94DA-3060E32050C3}.Release|Any CPU.ActiveCfg = Release|Any CPU
		{B2B34B3D-2799-45BD-94DA-3060E32050C3}.Release|Any CPU.Build.0 = Release|Any CPU
		{7E9F0C3F-82BF-4617-8269-95A9E08592C2}.Debug|Any CPU.ActiveCfg = Debug|Any CPU
		{7E9F0C3F-82BF-4617-8269-95A9E08592C2}.Debug|Any CPU.Build.0 = Debug|Any CPU
		{7E9F0C3F-82BF-4617-8269-95A9E08592C2}.Release|Any CPU.ActiveCfg = Release|Any CPU
		{7E9F0C3F-82BF-4617-8269-95A9E08592C2}.Release|Any CPU.Build.0 = Release|Any CPU
		{4BC12A39-189A-4C56-A994-8B64D0ED80B2}.Debug|Any CPU.ActiveCfg = Debug|Any CPU
		{4BC12A39-189A-4C56-A994-8B64D0ED80B2}.Debug|Any CPU.Build.0 = Debug|Any CPU
		{4BC12A39-189A-4C56-A994-8B64D0ED80B2}.Release|Any CPU.ActiveCfg = Release|Any CPU
		{4BC12A39-189A-4C56-A994-8B64D0ED80B2}.Release|Any CPU.Build.0 = Release|Any CPU
		{C19E3B5E-C058-40B9-B981-D8C8CEC59013}.Debug|Any CPU.ActiveCfg = Debug|Any CPU
		{C19E3B5E-C058-40B9-B981-D8C8CEC59013}.Debug|Any CPU.Build.0 = Debug|Any CPU
		{C19E3B5E-C058-40B9-B981-D8C8CEC59013}.Release|Any CPU.ActiveCfg = Release|Any CPU
		{C19E3B5E-C058-40B9-B981-D8C8CEC59013}.Release|Any CPU.Build.0 = Release|Any CPU
		{24162A4A-7EB2-4D39-87E3-EEF0505E9526}.Debug|Any CPU.ActiveCfg = Debug|Any CPU
		{24162A4A-7EB2-4D39-87E3-EEF0505E9526}.Debug|Any CPU.Build.0 = Debug|Any CPU
		{24162A4A-7EB2-4D39-87E3-EEF0505E9526}.Release|Any CPU.ActiveCfg = Release|Any CPU
		{24162A4A-7EB2-4D39-87E3-EEF0505E9526}.Release|Any CPU.Build.0 = Release|Any CPU
		{41D6BE42-0EE7-4F73-9D86-B513F2979DC0}.Debug|Any CPU.ActiveCfg = Debug|Any CPU
		{41D6BE42-0EE7-4F73-9D86-B513F2979DC0}.Debug|Any CPU.Build.0 = Debug|Any CPU
		{41D6BE42-0EE7-4F73-9D86-B513F2979DC0}.Release|Any CPU.ActiveCfg = Release|Any CPU
		{41D6BE42-0EE7-4F73-9D86-B513F2979DC0}.Release|Any CPU.Build.0 = Release|Any CPU
	EndGlobalSection
	GlobalSection(SolutionProperties) = preSolution
		HideSolutionNode = FALSE
	EndGlobalSection
	GlobalSection(ExtensibilityGlobals) = postSolution
		SolutionGuid = {ED229D67-7A7A-4793-9CF0-2DA35B0238F4}
	EndGlobalSection
EndGlobal
