
Microsoft Visual Studio Solution File, Format Version 12.00
# Visual Studio Version 16
VisualStudioVersion = 16.0.31702.278
MinimumVisualStudioVersion = 10.0.40219.1
Project("{FAE04EC0-301F-11D3-BF4B-00C04F79EFBC}") = "EcommerceWebsite.WebApp", "EcommerceWebsite.WebApp\EcommerceWebsite.WebApp.csproj", "{AA4A940D-8882-424A-9AA8-505C4EA6E9B0}"
EndProject
Project("{2150E333-8FDC-42A3-9474-1A3956D46DE8}") = "Solution Items", "Solution Items", "{DD75F978-9B12-47C0-816C-9048BC288FE8}"
	ProjectSection(SolutionItems) = preProject
		README.md = README.md
	EndProjectSection
EndProject
Project("{FAE04EC0-301F-11D3-BF4B-00C04F79EFBC}") = "EcommerceWebsite.Data", "EcommerceWebsite.Data\EcommerceWebsite.Data.csproj", "{5B26E4EF-0AB5-432D-BD5F-BBA188180701}"
EndProject
Project("{FAE04EC0-301F-11D3-BF4B-00C04F79EFBC}") = "EcommerceWebsite.Application", "EcommerceWebsite.Application\EcommerceWebsite.Application.csproj", "{B2B34B3D-2799-45BD-94DA-3060E32050C3}"
EndProject
Global
	GlobalSection(SolutionConfigurationPlatforms) = preSolution
		Debug|Any CPU = Debug|Any CPU
		Release|Any CPU = Release|Any CPU
	EndGlobalSection
	GlobalSection(ProjectConfigurationPlatforms) = postSolution
		{AA4A940D-8882-424A-9AA8-505C4EA6E9B0}.Debug|Any CPU.ActiveCfg = Debug|Any CPU
		{AA4A940D-8882-424A-9AA8-505C4EA6E9B0}.Debug|Any CPU.Build.0 = Debug|Any CPU
		{AA4A940D-8882-424A-9AA8-505C4EA6E9B0}.Release|Any CPU.ActiveCfg = Release|Any CPU
		{AA4A940D-8882-424A-9AA8-505C4EA6E9B0}.Release|Any CPU.Build.0 = Release|Any CPU
		{5B26E4EF-0AB5-432D-BD5F-BBA188180701}.Debug|Any CPU.ActiveCfg = Debug|Any CPU
		{5B26E4EF-0AB5-432D-BD5F-BBA188180701}.Debug|Any CPU.Build.0 = Debug|Any CPU
		{5B26E4EF-0AB5-432D-BD5F-BBA188180701}.Release|Any CPU.ActiveCfg = Release|Any CPU
		{5B26E4EF-0AB5-432D-BD5F-BBA188180701}.Release|Any CPU.Build.0 = Release|Any CPU
		{B2B34B3D-2799-45BD-94DA-3060E32050C3}.Debug|Any CPU.ActiveCfg = Debug|Any CPU
		{B2B34B3D-2799-45BD-94DA-3060E32050C3}.Debug|Any CPU.Build.0 = Debug|Any CPU
		{B2B34B3D-2799-45BD-94DA-3060E32050C3}.Release|Any CPU.ActiveCfg = Release|Any CPU
		{B2B34B3D-2799-45BD-94DA-3060E32050C3}.Release|Any CPU.Build.0 = Release|Any CPU
	EndGlobalSection
	GlobalSection(SolutionProperties) = preSolution
		HideSolutionNode = FALSE
	EndGlobalSection
	GlobalSection(ExtensibilityGlobals) = postSolution
		SolutionGuid = {ED229D67-7A7A-4793-9CF0-2DA35B0238F4}
	EndGlobalSection
EndGlobal
